
Microsoft Visual Studio Solution File, Format Version 12.00
# Visual Studio Version 17
VisualStudioVersion = 17.0.31903.59
MinimumVisualStudioVersion = 10.0.40219.1
Project("{FAE04EC0-301F-11D3-BF4B-00C04F79EFBC}") = "DataAccessLayer_FranLink", "DataAccessLayer_FranLink\DataAccessLayer_FranLink.csproj", "{15701A30-1CD8-407C-BD30-7C7B09933F92}"
EndProject
Project("{FAE04EC0-301F-11D3-BF4B-00C04F79EFBC}") = "BusinessLogicLayer_FranLink", "BusinessLogicLayer_FranLink\BusinessLogicLayer_FranLink.csproj", "{C23B3473-8282-432D-A499-CAEF8B1D5B2C}"
EndProject
Project("{FAE04EC0-301F-11D3-BF4B-00C04F79EFBC}") = "PresentationLayer_FranLink", "PresentationLayer_FranLink\PresentationLayer_FranLink.csproj", "{E66A8A2A-8149-4FEB-8945-6A35EF5EEDAB}"
EndProject
Global
	GlobalSection(SolutionConfigurationPlatforms) = preSolution
		Debug|Any CPU = Debug|Any CPU
		Debug|x64 = Debug|x64
		Debug|x86 = Debug|x86
		Release|Any CPU = Release|Any CPU
		Release|x64 = Release|x64
		Release|x86 = Release|x86
	EndGlobalSection
	GlobalSection(ProjectConfigurationPlatforms) = postSolution
		{15701A30-1CD8-407C-BD30-7C7B09933F92}.Debug|Any CPU.ActiveCfg = Debug|Any CPU
		{15701A30-1CD8-407C-BD30-7C7B09933F92}.Debug|Any CPU.Build.0 = Debug|Any CPU
		{15701A30-1CD8-407C-BD30-7C7B09933F92}.Debug|x64.ActiveCfg = Debug|Any CPU
		{15701A30-1CD8-407C-BD30-7C7B09933F92}.Debug|x64.Build.0 = Debug|Any CPU
		{15701A30-1CD8-407C-BD30-7C7B09933F92}.Debug|x86.ActiveCfg = Debug|Any CPU
		{15701A30-1CD8-407C-BD30-7C7B09933F92}.Debug|x86.Build.0 = Debug|Any CPU
		{15701A30-1CD8-407C-BD30-7C7B09933F92}.Release|Any CPU.ActiveCfg = Release|Any CPU
		{15701A30-1CD8-407C-BD30-7C7B09933F92}.Release|Any CPU.Build.0 = Release|Any CPU
		{15701A30-1CD8-407C-BD30-7C7B09933F92}.Release|x64.ActiveCfg = Release|Any CPU
		{15701A30-1CD8-407C-BD30-7C7B09933F92}.Release|x64.Build.0 = Release|Any CPU
		{15701A30-1CD8-407C-BD30-7C7B09933F92}.Release|x86.ActiveCfg = Release|Any CPU
		{15701A30-1CD8-407C-BD30-7C7B09933F92}.Release|x86.Build.0 = Release|Any CPU
		{C23B3473-8282-432D-A499-CAEF8B1D5B2C}.Debug|Any CPU.ActiveCfg = Debug|Any CPU
		{C23B3473-8282-432D-A499-CAEF8B1D5B2C}.Debug|Any CPU.Build.0 = Debug|Any CPU
		{C23B3473-8282-432D-A499-CAEF8B1D5B2C}.Debug|x64.ActiveCfg = Debug|Any CPU
		{C23B3473-8282-432D-A499-CAEF8B1D5B2C}.Debug|x64.Build.0 = Debug|Any CPU
		{C23B3473-8282-432D-A499-CAEF8B1D5B2C}.Debug|x86.ActiveCfg = Debug|Any CPU
		{C23B3473-8282-432D-A499-CAEF8B1D5B2C}.Debug|x86.Build.0 = Debug|Any CPU
		{C23B3473-8282-432D-A499-CAEF8B1D5B2C}.Release|Any CPU.ActiveCfg = Release|Any CPU
		{C23B3473-8282-432D-A499-CAEF8B1D5B2C}.Release|Any CPU.Build.0 = Release|Any CPU
		{C23B3473-8282-432D-A499-CAEF8B1D5B2C}.Release|x64.ActiveCfg = Release|Any CPU
		{C23B3473-8282-432D-A499-CAEF8B1D5B2C}.Release|x64.Build.0 = Release|Any CPU
		{C23B3473-8282-432D-A499-CAEF8B1D5B2C}.Release|x86.ActiveCfg = Release|Any CPU
		{C23B3473-8282-432D-A499-CAEF8B1D5B2C}.Release|x86.Build.0 = Release|Any CPU
		{E66A8A2A-8149-4FEB-8945-6A35EF5EEDAB}.Debug|Any CPU.ActiveCfg = Debug|Any CPU
		{E66A8A2A-8149-4FEB-8945-6A35EF5EEDAB}.Debug|Any CPU.Build.0 = Debug|Any CPU
		{E66A8A2A-8149-4FEB-8945-6A35EF5EEDAB}.Debug|x64.ActiveCfg = Debug|Any CPU
		{E66A8A2A-8149-4FEB-8945-6A35EF5EEDAB}.Debug|x64.Build.0 = Debug|Any CPU
		{E66A8A2A-8149-4FEB-8945-6A35EF5EEDAB}.Debug|x86.ActiveCfg = Debug|Any CPU
		{E66A8A2A-8149-4FEB-8945-6A35EF5EEDAB}.Debug|x86.Build.0 = Debug|Any CPU
		{E66A8A2A-8149-4FEB-8945-6A35EF5EEDAB}.Release|Any CPU.ActiveCfg = Release|Any CPU
		{E66A8A2A-8149-4FEB-8945-6A35EF5EEDAB}.Release|Any CPU.Build.0 = Release|Any CPU
		{E66A8A2A-8149-4FEB-8945-6A35EF5EEDAB}.Release|x64.ActiveCfg = Release|Any CPU
		{E66A8A2A-8149-4FEB-8945-6A35EF5EEDAB}.Release|x64.Build.0 = Release|Any CPU
		{E66A8A2A-8149-4FEB-8945-6A35EF5EEDAB}.Release|x86.ActiveCfg = Release|Any CPU
		{E66A8A2A-8149-4FEB-8945-6A35EF5EEDAB}.Release|x86.Build.0 = Release|Any CPU
	EndGlobalSection
	GlobalSection(SolutionProperties) = preSolution
		HideSolutionNode = FALSE
	EndGlobalSection
EndGlobal
